
Microsoft Visual Studio Solution File, Format Version 12.00
# Visual Studio for Mac
Project("{FAE04EC0-301F-11D3-BF4B-00C04F79EFBC}") = "Assembly-CSharp", "Assembly-CSharp.csproj", "{48AA3D10-B610-0353-EBAB-0571EC9E625E}"
EndProject
Project("{FAE04EC0-301F-11D3-BF4B-00C04F79EFBC}") = "Assembly-CSharp-Editor", "Assembly-CSharp-Editor.csproj", "{FDFD84B3-8A00-C1A9-CF6B-AEC052646ECF}"
EndProject
Global
	GlobalSection(SolutionConfigurationPlatforms) = preSolution
		Debug|Any CPU = Debug|Any CPU
		Release|Any CPU = Release|Any CPU
	EndGlobalSection
	GlobalSection(ProjectConfigurationPlatforms) = postSolution
		{48AA3D10-B610-0353-EBAB-0571EC9E625E}.Debug|Any CPU.ActiveCfg = Debug|Any CPU
		{48AA3D10-B610-0353-EBAB-0571EC9E625E}.Debug|Any CPU.Build.0 = Debug|Any CPU
		{48AA3D10-B610-0353-EBAB-0571EC9E625E}.Release|Any CPU.ActiveCfg = Release|Any CPU
		{48AA3D10-B610-0353-EBAB-0571EC9E625E}.Release|Any CPU.Build.0 = Release|Any CPU
		{FDFD84B3-8A00-C1A9-CF6B-AEC052646ECF}.Debug|Any CPU.ActiveCfg = Debug|Any CPU
		{FDFD84B3-8A00-C1A9-CF6B-AEC052646ECF}.Debug|Any CPU.Build.0 = Debug|Any CPU
		{FDFD84B3-8A00-C1A9-CF6B-AEC052646ECF}.Release|Any CPU.ActiveCfg = Release|Any CPU
		{FDFD84B3-8A00-C1A9-CF6B-AEC052646ECF}.Release|Any CPU.Build.0 = Release|Any CPU
	EndGlobalSection
	GlobalSection(SolutionProperties) = preSolution
		HideSolutionNode = FALSE
	EndGlobalSection
EndGlobal
